{
  "nodes": {
    "nixpkgs": {
      "locked": {
        "lastModified": 1603791972,
        "narHash": "sha256-nj2SvACFH+NERpye1kudcuygCcvnsZYv26M2+wgM5vE=",
        "owner": "NixOS",
        "repo": "nixpkgs",
        "rev": "cd63096d6d887d689543a0b97743d28995bc9bc3",
        "type": "github"
      },
      "original": {
        "owner": "NixOS",
        "ref": "20.09",
        "repo": "nixpkgs",
        "type": "github"
      }
    },
    "publish": {
      "inputs": {
        "nixpkgs": [
          "nixpkgs"
        ]
      },
      "locked": {
        "lastModified": 1608857510,
        "narHash": "sha256-LOl+xKOaHXq3yCyRel8+56Ct5CWx0GQ5p0gMGTtYAyA=",
        "owner": "eldridgejm",
        "repo": "publish",
        "rev": "8ea64d9b3e5b77940ec44f484cd6df8370a384ba",
        "type": "github"
      },
      "original": {
        "owner": "eldridgejm",
        "ref": "0.1.3",
        "repo": "publish",
        "type": "github"
      }
    },
    "root": {
      "inputs": {
        "nixpkgs": "nixpkgs",
        "publish": "publish"
      }
    }
  },
  "root": "root",
  "version": 7
}
