{
  "nodes": {
    "nixpkgs": {
      "locked": {
        "lastModified": 1603791972,
        "narHash": "sha256-nj2SvACFH+NERpye1kudcuygCcvnsZYv26M2+wgM5vE=",
        "owner": "NixOS",
        "repo": "nixpkgs",
        "rev": "cd63096d6d887d689543a0b97743d28995bc9bc3",
        "type": "github"
      },
      "original": {
        "owner": "NixOS",
        "ref": "20.09",
        "repo": "nixpkgs",
        "type": "github"
      }
    },
    "publish": {
      "inputs": {
        "nixpkgs": [
          "nixpkgs"
        ]
      },
      "locked": {
        "lastModified": 1609400288,
        "narHash": "sha256-TjKNIV73BgDbWhHdChj/ElZHurNQ6sTo/pJIXZMR+H4=",
        "owner": "eldridgejm",
        "repo": "publish",
        "rev": "225b5d56ae3b0880b6b5f97f9e7a5e83fbe152b6",
        "type": "github"
      },
      "original": {
        "owner": "eldridgejm",
        "ref": "0.2.0",
        "repo": "publish",
        "type": "github"
      }
    },
    "root": {
      "inputs": {
        "nixpkgs": "nixpkgs",
        "publish": "publish"
      }
    }
  },
  "root": "root",
  "version": 7
}
